
Microsoft Visual Studio Solution File, Format Version 12.00
# Visual Studio 2017
Project("{FAE04EC0-301F-11D3-BF4B-00C04F79EFBC}") = "ZeldaGame", "ZeldaGame.csproj", "{DBD09F2E-651D-625B-15AB-819111824999}"
EndProject
Project("{FAE04EC0-301F-11D3-BF4B-00C04F79EFBC}") = "ZeldaGame.Editor", "ZeldaGame.Editor.csproj", "{58B0B374-6333-DDB2-27ED-22F099C46C6C}"
EndProject
Global
	GlobalSection(SolutionConfigurationPlatforms) = preSolution
		Debug|Any CPU = Debug|Any CPU
		Release|Any CPU = Release|Any CPU
	EndGlobalSection
	GlobalSection(ProjectConfigurationPlatforms) = postSolution
		{DBD09F2E-651D-625B-15AB-819111824999}.Debug|Any CPU.ActiveCfg = Debug|Any CPU
		{DBD09F2E-651D-625B-15AB-819111824999}.Debug|Any CPU.Build.0 = Debug|Any CPU
		{DBD09F2E-651D-625B-15AB-819111824999}.Release|Any CPU.ActiveCfg = Release|Any CPU
		{DBD09F2E-651D-625B-15AB-819111824999}.Release|Any CPU.Build.0 = Release|Any CPU
		{58B0B374-6333-DDB2-27ED-22F099C46C6C}.Debug|Any CPU.ActiveCfg = Debug|Any CPU
		{58B0B374-6333-DDB2-27ED-22F099C46C6C}.Debug|Any CPU.Build.0 = Debug|Any CPU
		{58B0B374-6333-DDB2-27ED-22F099C46C6C}.Release|Any CPU.ActiveCfg = Release|Any CPU
		{58B0B374-6333-DDB2-27ED-22F099C46C6C}.Release|Any CPU.Build.0 = Release|Any CPU
	EndGlobalSection
	GlobalSection(SolutionProperties) = preSolution
		HideSolutionNode = FALSE
	EndGlobalSection
EndGlobal
